
Microsoft Visual Studio Solution File, Format Version 12.00
# Visual Studio Version 17
VisualStudioVersion = 17.9.34728.123
MinimumVisualStudioVersion = 10.0.40219.1
Project("{FAE04EC0-301F-11D3-BF4B-00C04F79EFBC}") = "HotelApp", "HotelApp\HotelApp.csproj", "{7E4B135C-427A-42AD-AA03-3AACA6C348FB}"
EndProject
Project("{FAE04EC0-301F-11D3-BF4B-00C04F79EFBC}") = "DB", "DB\DB.csproj", "{6F2F2B4B-A4DB-4BE0-AD4D-1A08A9A2AC75}"
EndProject
Global
	GlobalSection(SolutionConfigurationPlatforms) = preSolution
		Debug|Any CPU = Debug|Any CPU
		Release|Any CPU = Release|Any CPU
	EndGlobalSection
	GlobalSection(ProjectConfigurationPlatforms) = postSolution
		{7E4B135C-427A-42AD-AA03-3AACA6C348FB}.Debug|Any CPU.ActiveCfg = Debug|Any CPU
		{7E4B135C-427A-42AD-AA03-3AACA6C348FB}.Debug|Any CPU.Build.0 = Debug|Any CPU
		{7E4B135C-427A-42AD-AA03-3AACA6C348FB}.Release|Any CPU.ActiveCfg = Release|Any CPU
		{7E4B135C-427A-42AD-AA03-3AACA6C348FB}.Release|Any CPU.Build.0 = Release|Any CPU
		{6F2F2B4B-A4DB-4BE0-AD4D-1A08A9A2AC75}.Debug|Any CPU.ActiveCfg = Debug|Any CPU
		{6F2F2B4B-A4DB-4BE0-AD4D-1A08A9A2AC75}.Debug|Any CPU.Build.0 = Debug|Any CPU
		{6F2F2B4B-A4DB-4BE0-AD4D-1A08A9A2AC75}.Release|Any CPU.ActiveCfg = Release|Any CPU
		{6F2F2B4B-A4DB-4BE0-AD4D-1A08A9A2AC75}.Release|Any CPU.Build.0 = Release|Any CPU
	EndGlobalSection
	GlobalSection(SolutionProperties) = preSolution
		HideSolutionNode = FALSE
	EndGlobalSection
	GlobalSection(ExtensibilityGlobals) = postSolution
		SolutionGuid = {51FD7F3B-56D2-41AA-B46E-FE9A132C13EC}
	EndGlobalSection
EndGlobal
